
Microsoft Visual Studio Solution File, Format Version 12.00
# Visual Studio Version 17
VisualStudioVersion = 17.0.31903.59
MinimumVisualStudioVersion = 10.0.40219.1
Project("{2150E333-8FDC-42A3-9474-1A3956D46DE8}") = "MQSBookingService", "MQSBookingService", "{6ED46DE8-89F8-4F77-AB85-1784AC8DD1D4}"
EndProject
Project("{2150E333-8FDC-42A3-9474-1A3956D46DE8}") = "Adapter", "Adapter", "{19E659F0-E5C4-4905-9772-38015F276632}"
EndProject
Project("{2150E333-8FDC-42A3-9474-1A3956D46DE8}") = "Consumer", "Consumer", "{A77833E5-5BB8-4113-8B00-18652E98DFDC}"
EndProject
Project("{2150E333-8FDC-42A3-9474-1A3956D46DE8}") = "Core", "Core", "{1BFA3002-344A-4406-A882-33D38D114093}"
EndProject
Project("{2150E333-8FDC-42A3-9474-1A3956D46DE8}") = "Application", "Application", "{3CD8E143-13B6-452B-9D72-C217D1547BDE}"
EndProject
Project("{2150E333-8FDC-42A3-9474-1A3956D46DE8}") = "Domain", "Domain", "{4C594FF5-07D8-4B45-870B-A31C14C1C8E3}"
EndProject
Project("{FAE04EC0-301F-11D3-BF4B-00C04F79EFBC}") = "Domain", "MQSBookingService\Core\Domain\Domain\Domain.csproj", "{DB856AD2-808B-4371-AFED-0D1525DC799D}"
EndProject
Project("{FAE04EC0-301F-11D3-BF4B-00C04F79EFBC}") = "Application", "MQSBookingService\Core\Application\Application\Application.csproj", "{EA986BC1-6F41-441E-96A3-5A3B2034D196}"
EndProject
Project("{2150E333-8FDC-42A3-9474-1A3956D46DE8}") = "Tests", "Tests", "{9094BC52-9665-43EE-B93C-B33962A2EF25}"
EndProject
Project("{2150E333-8FDC-42A3-9474-1A3956D46DE8}") = "Domain", "Domain", "{AE8DB91E-4DFE-45FB-981C-7020056E43F5}"
EndProject
Project("{2150E333-8FDC-42A3-9474-1A3956D46DE8}") = "Application", "Application", "{35E938AE-031E-4A9E-A21F-44BD45BC3D8D}"
EndProject
Project("{2150E333-8FDC-42A3-9474-1A3956D46DE8}") = "Adapters", "Adapters", "{7776D5B8-7522-49A6-A308-DE17100C36E7}"
EndProject
Project("{FAE04EC0-301F-11D3-BF4B-00C04F79EFBC}") = "DomainTests", "MQSBookingService\Tests\Domain\DomainTests\DomainTests.csproj", "{F01F828F-B4AD-4E79-A9CE-1F974C00AAD6}"
EndProject
Project("{FAE04EC0-301F-11D3-BF4B-00C04F79EFBC}") = "ApplicationTests", "MQSBookingService\Tests\Application\ApplicationTests\ApplicationTests.csproj", "{1DE6C4A7-90EA-4AE7-98D3-AE3448FABCE7}"
EndProject
Project("{FAE04EC0-301F-11D3-BF4B-00C04F79EFBC}") = "Adapters", "MQSBookingService\Tests\Adapters\Adapters\Adapters.csproj", "{E6F2C984-95B8-4300-A3A4-05A7BC7949A3}"
EndProject
Project("{2150E333-8FDC-42A3-9474-1A3956D46DE8}") = "Solution Items", "Solution Items", "{5DAEE35B-9AF2-4ABA-B227-B90D645A68FD}"
EndProject
Project("{FAE04EC0-301F-11D3-BF4B-00C04F79EFBC}") = "ApiConsumer", "MQSBookingService\Consumer\ApiConsumer\ApiConsumer.csproj", "{63637B0E-B6CC-4737-9841-FA0E1C4FCE56}"
EndProject
Global
	GlobalSection(SolutionConfigurationPlatforms) = preSolution
		Debug|Any CPU = Debug|Any CPU
		Release|Any CPU = Release|Any CPU
	EndGlobalSection
	GlobalSection(SolutionProperties) = preSolution
		HideSolutionNode = FALSE
	EndGlobalSection
	GlobalSection(ProjectConfigurationPlatforms) = postSolution
		{DB856AD2-808B-4371-AFED-0D1525DC799D}.Debug|Any CPU.ActiveCfg = Debug|Any CPU
		{DB856AD2-808B-4371-AFED-0D1525DC799D}.Debug|Any CPU.Build.0 = Debug|Any CPU
		{DB856AD2-808B-4371-AFED-0D1525DC799D}.Release|Any CPU.ActiveCfg = Release|Any CPU
		{DB856AD2-808B-4371-AFED-0D1525DC799D}.Release|Any CPU.Build.0 = Release|Any CPU
		{EA986BC1-6F41-441E-96A3-5A3B2034D196}.Debug|Any CPU.ActiveCfg = Debug|Any CPU
		{EA986BC1-6F41-441E-96A3-5A3B2034D196}.Debug|Any CPU.Build.0 = Debug|Any CPU
		{EA986BC1-6F41-441E-96A3-5A3B2034D196}.Release|Any CPU.ActiveCfg = Release|Any CPU
		{EA986BC1-6F41-441E-96A3-5A3B2034D196}.Release|Any CPU.Build.0 = Release|Any CPU
		{F01F828F-B4AD-4E79-A9CE-1F974C00AAD6}.Debug|Any CPU.ActiveCfg = Debug|Any CPU
		{F01F828F-B4AD-4E79-A9CE-1F974C00AAD6}.Debug|Any CPU.Build.0 = Debug|Any CPU
		{F01F828F-B4AD-4E79-A9CE-1F974C00AAD6}.Release|Any CPU.ActiveCfg = Release|Any CPU
		{F01F828F-B4AD-4E79-A9CE-1F974C00AAD6}.Release|Any CPU.Build.0 = Release|Any CPU
		{1DE6C4A7-90EA-4AE7-98D3-AE3448FABCE7}.Debug|Any CPU.ActiveCfg = Debug|Any CPU
		{1DE6C4A7-90EA-4AE7-98D3-AE3448FABCE7}.Debug|Any CPU.Build.0 = Debug|Any CPU
		{1DE6C4A7-90EA-4AE7-98D3-AE3448FABCE7}.Release|Any CPU.ActiveCfg = Release|Any CPU
		{1DE6C4A7-90EA-4AE7-98D3-AE3448FABCE7}.Release|Any CPU.Build.0 = Release|Any CPU
		{E6F2C984-95B8-4300-A3A4-05A7BC7949A3}.Debug|Any CPU.ActiveCfg = Debug|Any CPU
		{E6F2C984-95B8-4300-A3A4-05A7BC7949A3}.Debug|Any CPU.Build.0 = Debug|Any CPU
		{E6F2C984-95B8-4300-A3A4-05A7BC7949A3}.Release|Any CPU.ActiveCfg = Release|Any CPU
		{E6F2C984-95B8-4300-A3A4-05A7BC7949A3}.Release|Any CPU.Build.0 = Release|Any CPU
		{63637B0E-B6CC-4737-9841-FA0E1C4FCE56}.Debug|Any CPU.ActiveCfg = Debug|Any CPU
		{63637B0E-B6CC-4737-9841-FA0E1C4FCE56}.Debug|Any CPU.Build.0 = Debug|Any CPU
		{63637B0E-B6CC-4737-9841-FA0E1C4FCE56}.Release|Any CPU.ActiveCfg = Release|Any CPU
		{63637B0E-B6CC-4737-9841-FA0E1C4FCE56}.Release|Any CPU.Build.0 = Release|Any CPU
	EndGlobalSection
	GlobalSection(NestedProjects) = preSolution
		{19E659F0-E5C4-4905-9772-38015F276632} = {6ED46DE8-89F8-4F77-AB85-1784AC8DD1D4}
		{A77833E5-5BB8-4113-8B00-18652E98DFDC} = {6ED46DE8-89F8-4F77-AB85-1784AC8DD1D4}
		{1BFA3002-344A-4406-A882-33D38D114093} = {6ED46DE8-89F8-4F77-AB85-1784AC8DD1D4}
		{3CD8E143-13B6-452B-9D72-C217D1547BDE} = {1BFA3002-344A-4406-A882-33D38D114093}
		{4C594FF5-07D8-4B45-870B-A31C14C1C8E3} = {1BFA3002-344A-4406-A882-33D38D114093}
		{DB856AD2-808B-4371-AFED-0D1525DC799D} = {4C594FF5-07D8-4B45-870B-A31C14C1C8E3}
		{EA986BC1-6F41-441E-96A3-5A3B2034D196} = {3CD8E143-13B6-452B-9D72-C217D1547BDE}
		{9094BC52-9665-43EE-B93C-B33962A2EF25} = {6ED46DE8-89F8-4F77-AB85-1784AC8DD1D4}
		{AE8DB91E-4DFE-45FB-981C-7020056E43F5} = {9094BC52-9665-43EE-B93C-B33962A2EF25}
		{35E938AE-031E-4A9E-A21F-44BD45BC3D8D} = {9094BC52-9665-43EE-B93C-B33962A2EF25}
		{7776D5B8-7522-49A6-A308-DE17100C36E7} = {9094BC52-9665-43EE-B93C-B33962A2EF25}
		{F01F828F-B4AD-4E79-A9CE-1F974C00AAD6} = {AE8DB91E-4DFE-45FB-981C-7020056E43F5}
		{1DE6C4A7-90EA-4AE7-98D3-AE3448FABCE7} = {35E938AE-031E-4A9E-A21F-44BD45BC3D8D}
		{E6F2C984-95B8-4300-A3A4-05A7BC7949A3} = {7776D5B8-7522-49A6-A308-DE17100C36E7}
		{63637B0E-B6CC-4737-9841-FA0E1C4FCE56} = {A77833E5-5BB8-4113-8B00-18652E98DFDC}
	EndGlobalSection
EndGlobal
