
Microsoft Visual Studio Solution File, Format Version 12.00
# Visual Studio Version 17
VisualStudioVersion = 17.0.31903.59
MinimumVisualStudioVersion = 10.0.40219.1
Project("{2150E333-8FDC-42A3-9474-1A3956D46DE8}") = "MQSBookingService", "MQSBookingService", "{6ED46DE8-89F8-4F77-AB85-1784AC8DD1D4}"
EndProject
Project("{2150E333-8FDC-42A3-9474-1A3956D46DE8}") = "Adapter", "Adapter", "{19E659F0-E5C4-4905-9772-38015F276632}"
EndProject
Project("{2150E333-8FDC-42A3-9474-1A3956D46DE8}") = "Consumer", "Consumer", "{A77833E5-5BB8-4113-8B00-18652E98DFDC}"
EndProject
Project("{2150E333-8FDC-42A3-9474-1A3956D46DE8}") = "Core", "Core", "{1BFA3002-344A-4406-A882-33D38D114093}"
EndProject
Project("{2150E333-8FDC-42A3-9474-1A3956D46DE8}") = "Tests", "Tests", "{9094BC52-9665-43EE-B93C-B33962A2EF25}"
EndProject
Project("{2150E333-8FDC-42A3-9474-1A3956D46DE8}") = "Domain", "Domain", "{AE8DB91E-4DFE-45FB-981C-7020056E43F5}"
EndProject
Project("{2150E333-8FDC-42A3-9474-1A3956D46DE8}") = "Application", "Application", "{35E938AE-031E-4A9E-A21F-44BD45BC3D8D}"
EndProject
Project("{2150E333-8FDC-42A3-9474-1A3956D46DE8}") = "Adapters", "Adapters", "{7776D5B8-7522-49A6-A308-DE17100C36E7}"
EndProject
Project("{9A19103F-16F7-4668-BE54-9A1E7A4F7556}") = "DomainTests", "MQSBookingService\Tests\Domain\DomainTests\DomainTests.csproj", "{F01F828F-B4AD-4E79-A9CE-1F974C00AAD6}"
EndProject
Project("{9A19103F-16F7-4668-BE54-9A1E7A4F7556}") = "ApiConsumer", "MQSBookingService\Consumer\ApiConsumer\ApiConsumer.csproj", "{63637B0E-B6CC-4737-9841-FA0E1C4FCE56}"
EndProject
Project("{9A19103F-16F7-4668-BE54-9A1E7A4F7556}") = "Adapter.SQL", "MQSBookingService\Adapter\Adapter.SQL\Adapter.SQL.csproj", "{A7923183-E8C8-47E4-A706-6659473A0CF3}"
EndProject
Project("{9A19103F-16F7-4668-BE54-9A1E7A4F7556}") = "AdaptersTests", "MQSBookingService\Tests\Adapters\AdaptersTests\AdaptersTests.csproj", "{C71B1EFA-68C3-4D4F-80AF-5D464DE05C02}"
EndProject
Project("{9A19103F-16F7-4668-BE54-9A1E7A4F7556}") = "ApplicationTests", "MQSBookingService\Tests\Application\ApplicationTests\ApplicationTests.csproj", "{EC3A3AB9-1BEA-473E-87B8-CB2B8C996E45}"
EndProject
Project("{2150E333-8FDC-42A3-9474-1A3956D46DE8}") = "Application", "Application", "{5B93E0E4-981E-46CA-8E0C-5E9321B7E946}"
EndProject
Project("{2150E333-8FDC-42A3-9474-1A3956D46DE8}") = "Domain", "Domain", "{1457380D-B15C-493B-99D7-83C340E54D81}"
EndProject
Project("{9A19103F-16F7-4668-BE54-9A1E7A4F7556}") = "Domain", "MQSBookingService\Core\Domain\Domain.csproj", "{D3ABF18A-E1AA-459A-A637-9AD7164FBAD3}"
EndProject
Project("{9A19103F-16F7-4668-BE54-9A1E7A4F7556}") = "Application", "MQSBookingService\Core\Application\Application.csproj", "{B51B9D0E-3462-4934-96D1-175A5C6CE45D}"
EndProject
Project("{2150E333-8FDC-42A3-9474-1A3956D46DE8}") = "MQSBookingWeb", "MQSBookingWeb", "{E642F936-87DC-4AC8-B5C7-F96954B0C3A0}"
EndProject
Project("{FAE04EC0-301F-11D3-BF4B-00C04F79EFBC}") = "MQSHotelBookingWeb", "MQSHotelBookingWeb\MQSHotelBookingWeb\MQSHotelBookingWeb.csproj", "{B0CEE0E6-3C1F-4E30-A575-AA5F3CFAA95F}"
EndProject
Global
	GlobalSection(SolutionConfigurationPlatforms) = preSolution
		Debug|Any CPU = Debug|Any CPU
		Release|Any CPU = Release|Any CPU
	EndGlobalSection
	GlobalSection(ProjectConfigurationPlatforms) = postSolution
		{F01F828F-B4AD-4E79-A9CE-1F974C00AAD6}.Debug|Any CPU.ActiveCfg = Debug|Any CPU
		{F01F828F-B4AD-4E79-A9CE-1F974C00AAD6}.Debug|Any CPU.Build.0 = Debug|Any CPU
		{F01F828F-B4AD-4E79-A9CE-1F974C00AAD6}.Release|Any CPU.ActiveCfg = Release|Any CPU
		{F01F828F-B4AD-4E79-A9CE-1F974C00AAD6}.Release|Any CPU.Build.0 = Release|Any CPU
		{63637B0E-B6CC-4737-9841-FA0E1C4FCE56}.Debug|Any CPU.ActiveCfg = Debug|Any CPU
		{63637B0E-B6CC-4737-9841-FA0E1C4FCE56}.Debug|Any CPU.Build.0 = Debug|Any CPU
		{63637B0E-B6CC-4737-9841-FA0E1C4FCE56}.Release|Any CPU.ActiveCfg = Release|Any CPU
		{63637B0E-B6CC-4737-9841-FA0E1C4FCE56}.Release|Any CPU.Build.0 = Release|Any CPU
		{A7923183-E8C8-47E4-A706-6659473A0CF3}.Debug|Any CPU.ActiveCfg = Debug|Any CPU
		{A7923183-E8C8-47E4-A706-6659473A0CF3}.Debug|Any CPU.Build.0 = Debug|Any CPU
		{A7923183-E8C8-47E4-A706-6659473A0CF3}.Release|Any CPU.ActiveCfg = Release|Any CPU
		{A7923183-E8C8-47E4-A706-6659473A0CF3}.Release|Any CPU.Build.0 = Release|Any CPU
		{C71B1EFA-68C3-4D4F-80AF-5D464DE05C02}.Debug|Any CPU.ActiveCfg = Debug|Any CPU
		{C71B1EFA-68C3-4D4F-80AF-5D464DE05C02}.Debug|Any CPU.Build.0 = Debug|Any CPU
		{C71B1EFA-68C3-4D4F-80AF-5D464DE05C02}.Release|Any CPU.ActiveCfg = Release|Any CPU
		{C71B1EFA-68C3-4D4F-80AF-5D464DE05C02}.Release|Any CPU.Build.0 = Release|Any CPU
		{EC3A3AB9-1BEA-473E-87B8-CB2B8C996E45}.Debug|Any CPU.ActiveCfg = Debug|Any CPU
		{EC3A3AB9-1BEA-473E-87B8-CB2B8C996E45}.Debug|Any CPU.Build.0 = Debug|Any CPU
		{EC3A3AB9-1BEA-473E-87B8-CB2B8C996E45}.Release|Any CPU.ActiveCfg = Release|Any CPU
		{EC3A3AB9-1BEA-473E-87B8-CB2B8C996E45}.Release|Any CPU.Build.0 = Release|Any CPU
		{D3ABF18A-E1AA-459A-A637-9AD7164FBAD3}.Debug|Any CPU.ActiveCfg = Debug|Any CPU
		{D3ABF18A-E1AA-459A-A637-9AD7164FBAD3}.Debug|Any CPU.Build.0 = Debug|Any CPU
		{D3ABF18A-E1AA-459A-A637-9AD7164FBAD3}.Release|Any CPU.ActiveCfg = Release|Any CPU
		{D3ABF18A-E1AA-459A-A637-9AD7164FBAD3}.Release|Any CPU.Build.0 = Release|Any CPU
		{B51B9D0E-3462-4934-96D1-175A5C6CE45D}.Debug|Any CPU.ActiveCfg = Debug|Any CPU
		{B51B9D0E-3462-4934-96D1-175A5C6CE45D}.Debug|Any CPU.Build.0 = Debug|Any CPU
		{B51B9D0E-3462-4934-96D1-175A5C6CE45D}.Release|Any CPU.ActiveCfg = Release|Any CPU
		{B51B9D0E-3462-4934-96D1-175A5C6CE45D}.Release|Any CPU.Build.0 = Release|Any CPU
		{B0CEE0E6-3C1F-4E30-A575-AA5F3CFAA95F}.Debug|Any CPU.ActiveCfg = Debug|Any CPU
		{B0CEE0E6-3C1F-4E30-A575-AA5F3CFAA95F}.Debug|Any CPU.Build.0 = Debug|Any CPU
		{B0CEE0E6-3C1F-4E30-A575-AA5F3CFAA95F}.Release|Any CPU.ActiveCfg = Release|Any CPU
		{B0CEE0E6-3C1F-4E30-A575-AA5F3CFAA95F}.Release|Any CPU.Build.0 = Release|Any CPU
	EndGlobalSection
	GlobalSection(SolutionProperties) = preSolution
		HideSolutionNode = FALSE
	EndGlobalSection
	GlobalSection(NestedProjects) = preSolution
		{19E659F0-E5C4-4905-9772-38015F276632} = {6ED46DE8-89F8-4F77-AB85-1784AC8DD1D4}
		{A77833E5-5BB8-4113-8B00-18652E98DFDC} = {6ED46DE8-89F8-4F77-AB85-1784AC8DD1D4}
		{1BFA3002-344A-4406-A882-33D38D114093} = {6ED46DE8-89F8-4F77-AB85-1784AC8DD1D4}
		{9094BC52-9665-43EE-B93C-B33962A2EF25} = {6ED46DE8-89F8-4F77-AB85-1784AC8DD1D4}
		{AE8DB91E-4DFE-45FB-981C-7020056E43F5} = {9094BC52-9665-43EE-B93C-B33962A2EF25}
		{35E938AE-031E-4A9E-A21F-44BD45BC3D8D} = {9094BC52-9665-43EE-B93C-B33962A2EF25}
		{7776D5B8-7522-49A6-A308-DE17100C36E7} = {9094BC52-9665-43EE-B93C-B33962A2EF25}
		{F01F828F-B4AD-4E79-A9CE-1F974C00AAD6} = {AE8DB91E-4DFE-45FB-981C-7020056E43F5}
		{63637B0E-B6CC-4737-9841-FA0E1C4FCE56} = {A77833E5-5BB8-4113-8B00-18652E98DFDC}
		{A7923183-E8C8-47E4-A706-6659473A0CF3} = {19E659F0-E5C4-4905-9772-38015F276632}
		{C71B1EFA-68C3-4D4F-80AF-5D464DE05C02} = {7776D5B8-7522-49A6-A308-DE17100C36E7}
		{EC3A3AB9-1BEA-473E-87B8-CB2B8C996E45} = {35E938AE-031E-4A9E-A21F-44BD45BC3D8D}
		{5B93E0E4-981E-46CA-8E0C-5E9321B7E946} = {1BFA3002-344A-4406-A882-33D38D114093}
		{1457380D-B15C-493B-99D7-83C340E54D81} = {1BFA3002-344A-4406-A882-33D38D114093}
		{D3ABF18A-E1AA-459A-A637-9AD7164FBAD3} = {1457380D-B15C-493B-99D7-83C340E54D81}
		{B51B9D0E-3462-4934-96D1-175A5C6CE45D} = {5B93E0E4-981E-46CA-8E0C-5E9321B7E946}
		{B0CEE0E6-3C1F-4E30-A575-AA5F3CFAA95F} = {E642F936-87DC-4AC8-B5C7-F96954B0C3A0}
	EndGlobalSection
	GlobalSection(ExtensibilityGlobals) = postSolution
		SolutionGuid = {196650B7-9CD9-4A6E-B518-9A805A803AB5}
	EndGlobalSection
EndGlobal
