
Microsoft Visual Studio Solution File, Format Version 12.00
# Visual Studio Version 17
VisualStudioVersion = 17.0.31903.59
MinimumVisualStudioVersion = 10.0.40219.1
Project("{2150E333-8FDC-42A3-9474-1A3956D46DE8}") = "MQSBookingService", "MQSBookingService", "{6ED46DE8-89F8-4F77-AB85-1784AC8DD1D4}"
EndProject
Project("{2150E333-8FDC-42A3-9474-1A3956D46DE8}") = "Adapter", "Adapter", "{19E659F0-E5C4-4905-9772-38015F276632}"
EndProject
Project("{2150E333-8FDC-42A3-9474-1A3956D46DE8}") = "Consumer", "Consumer", "{A77833E5-5BB8-4113-8B00-18652E98DFDC}"
EndProject
Project("{2150E333-8FDC-42A3-9474-1A3956D46DE8}") = "Core", "Core", "{1BFA3002-344A-4406-A882-33D38D114093}"
EndProject
Project("{2150E333-8FDC-42A3-9474-1A3956D46DE8}") = "Application", "Application", "{3CD8E143-13B6-452B-9D72-C217D1547BDE}"
EndProject
Project("{2150E333-8FDC-42A3-9474-1A3956D46DE8}") = "Domain", "Domain", "{4C594FF5-07D8-4B45-870B-A31C14C1C8E3}"
EndProject
Project("{FAE04EC0-301F-11D3-BF4B-00C04F79EFBC}") = "Domain", "MQSBookingService\Core\Domain\Domain\Domain.csproj", "{DB856AD2-808B-4371-AFED-0D1525DC799D}"
EndProject
Project("{FAE04EC0-301F-11D3-BF4B-00C04F79EFBC}") = "Application", "MQSBookingService\Core\Application\Application\Application.csproj", "{EA986BC1-6F41-441E-96A3-5A3B2034D196}"
EndProject
Project("{2150E333-8FDC-42A3-9474-1A3956D46DE8}") = "Tests", "Tests", "{9094BC52-9665-43EE-B93C-B33962A2EF25}"
EndProject
Global
	GlobalSection(SolutionConfigurationPlatforms) = preSolution
		Debug|Any CPU = Debug|Any CPU
		Release|Any CPU = Release|Any CPU
	EndGlobalSection
	GlobalSection(SolutionProperties) = preSolution
		HideSolutionNode = FALSE
	EndGlobalSection
	GlobalSection(ProjectConfigurationPlatforms) = postSolution
		{DB856AD2-808B-4371-AFED-0D1525DC799D}.Debug|Any CPU.ActiveCfg = Debug|Any CPU
		{DB856AD2-808B-4371-AFED-0D1525DC799D}.Debug|Any CPU.Build.0 = Debug|Any CPU
		{DB856AD2-808B-4371-AFED-0D1525DC799D}.Release|Any CPU.ActiveCfg = Release|Any CPU
		{DB856AD2-808B-4371-AFED-0D1525DC799D}.Release|Any CPU.Build.0 = Release|Any CPU
		{EA986BC1-6F41-441E-96A3-5A3B2034D196}.Debug|Any CPU.ActiveCfg = Debug|Any CPU
		{EA986BC1-6F41-441E-96A3-5A3B2034D196}.Debug|Any CPU.Build.0 = Debug|Any CPU
		{EA986BC1-6F41-441E-96A3-5A3B2034D196}.Release|Any CPU.ActiveCfg = Release|Any CPU
		{EA986BC1-6F41-441E-96A3-5A3B2034D196}.Release|Any CPU.Build.0 = Release|Any CPU
	EndGlobalSection
	GlobalSection(NestedProjects) = preSolution
		{19E659F0-E5C4-4905-9772-38015F276632} = {6ED46DE8-89F8-4F77-AB85-1784AC8DD1D4}
		{A77833E5-5BB8-4113-8B00-18652E98DFDC} = {6ED46DE8-89F8-4F77-AB85-1784AC8DD1D4}
		{1BFA3002-344A-4406-A882-33D38D114093} = {6ED46DE8-89F8-4F77-AB85-1784AC8DD1D4}
		{3CD8E143-13B6-452B-9D72-C217D1547BDE} = {1BFA3002-344A-4406-A882-33D38D114093}
		{4C594FF5-07D8-4B45-870B-A31C14C1C8E3} = {1BFA3002-344A-4406-A882-33D38D114093}
		{DB856AD2-808B-4371-AFED-0D1525DC799D} = {4C594FF5-07D8-4B45-870B-A31C14C1C8E3}
		{EA986BC1-6F41-441E-96A3-5A3B2034D196} = {3CD8E143-13B6-452B-9D72-C217D1547BDE}
		{9094BC52-9665-43EE-B93C-B33962A2EF25} = {6ED46DE8-89F8-4F77-AB85-1784AC8DD1D4}
	EndGlobalSection
EndGlobal
